
Microsoft Visual Studio Solution File, Format Version 12.00
# Visual Studio Version 17
VisualStudioVersion = 17.4.33103.184
MinimumVisualStudioVersion = 10.0.40219.1
Project("{9A19103F-16F7-4668-BE54-9A1E7A4F7556}") = "KAST.Server", "src\KAST.Server\KAST.Server.csproj", "{DBA1AB92-7817-4BDE-A8EE-0A9FC6AE1948}"
EndProject
Project("{9A19103F-16F7-4668-BE54-9A1E7A4F7556}") = "KAST.Domain", "src\KAST.Domain\KAST.Domain.csproj", "{B14215C2-E765-4BD5-ACF9-B15A15F77FE9}"
EndProject
Project("{9A19103F-16F7-4668-BE54-9A1E7A4F7556}") = "KAST.Core", "src\KAST.Core\KAST.Core.csproj", "{A2BEC70A-39FA-40D7-A179-5D567B6ADBA6}"
EndProject
Project("{2150E333-8FDC-42A3-9474-1A3956D46DE8}") = "Solution Items", "Solution Items", "{538EBDF4-08BD-4E24-BF5B-180A40B9456A}"
	ProjectSection(SolutionItems) = preProject
		.dockerignore = .dockerignore
		.gitignore = .gitignore
		CODE_OF_CONDUCT.md = CODE_OF_CONDUCT.md
		CONTRIBUTING.md = CONTRIBUTING.md
		global.json = global.json
		LICENSE.md = LICENSE.md
		.github\pull_request_template.md = .github\pull_request_template.md
		README.md = README.md
		SECURITY.md = SECURITY.md
	EndProjectSection
EndProject
Global
	GlobalSection(SolutionConfigurationPlatforms) = preSolution
		Debug|Any CPU = Debug|Any CPU
		Release|Any CPU = Release|Any CPU
	EndGlobalSection
	GlobalSection(ProjectConfigurationPlatforms) = postSolution
		{DBA1AB92-7817-4BDE-A8EE-0A9FC6AE1948}.Debug|Any CPU.ActiveCfg = Debug|Any CPU
		{DBA1AB92-7817-4BDE-A8EE-0A9FC6AE1948}.Debug|Any CPU.Build.0 = Debug|Any CPU
		{DBA1AB92-7817-4BDE-A8EE-0A9FC6AE1948}.Release|Any CPU.ActiveCfg = Release|Any CPU
		{DBA1AB92-7817-4BDE-A8EE-0A9FC6AE1948}.Release|Any CPU.Build.0 = Release|Any CPU
		{B14215C2-E765-4BD5-ACF9-B15A15F77FE9}.Debug|Any CPU.ActiveCfg = Debug|Any CPU
		{B14215C2-E765-4BD5-ACF9-B15A15F77FE9}.Debug|Any CPU.Build.0 = Debug|Any CPU
		{B14215C2-E765-4BD5-ACF9-B15A15F77FE9}.Release|Any CPU.ActiveCfg = Release|Any CPU
		{B14215C2-E765-4BD5-ACF9-B15A15F77FE9}.Release|Any CPU.Build.0 = Release|Any CPU
		{A2BEC70A-39FA-40D7-A179-5D567B6ADBA6}.Debug|Any CPU.ActiveCfg = Debug|Any CPU
		{A2BEC70A-39FA-40D7-A179-5D567B6ADBA6}.Debug|Any CPU.Build.0 = Debug|Any CPU
		{A2BEC70A-39FA-40D7-A179-5D567B6ADBA6}.Release|Any CPU.ActiveCfg = Release|Any CPU
		{A2BEC70A-39FA-40D7-A179-5D567B6ADBA6}.Release|Any CPU.Build.0 = Release|Any CPU
	EndGlobalSection
	GlobalSection(SolutionProperties) = preSolution
		HideSolutionNode = FALSE
	EndGlobalSection
	GlobalSection(ExtensibilityGlobals) = postSolution
		SolutionGuid = {F9B77517-5E90-4D14-823E-3FF1B4A961F8}
	EndGlobalSection
EndGlobal
