<Solution>
  <Folder Name="/src/">
    <Project Path="src/KAST.Core/KAST.Core.csproj" />
    <Project Path="src/KAST.Infrastructure/KAST.Infrastructure.csproj" />
    <Project Path="src/KAST.UI/KAST.UI.csproj" />
  </Folder>
  <Folder Name="/tests/">
    <Project Path="tests/KAST.Tests/KAST.Tests.csproj" />
  </Folder>
</Solution>
